github.com/alicebob/miniredis/v2 v2.35.0 h1:QwLphYqCEAo1eu1TqPRN2jgVMPBweeQcR21jeqDCONI=
github.com/alicebob/miniredis/v2 v2.35.0/go.mod h1:TcL7YfarKPGDAthEtl5NBeHZfeUQj6OXMm/+iu5cLMM=
github.com/gomodule/redigo v1.9.3 h1:dNPSXeXv6HCq2jdyWfjgmhBdqnR6PRO3m/G05nvpPC8=
github.com/gomodule/redigo v1.9.3/go.mod h1:KsU3hiK/Ay8U42qpaJk+kuNa3C+spxapWpM+ywhcgtw=
github.com/yuin/gopher-lua v1.1.1 h1:kYKnWBjvbNP4XLT3+bPEwAXJx262OhaHDWDVOPjL46M=
github.com/yuin/gopher-lua v1.1.1/go.mod h1:GBR0iDaNXjAgGg9zfCvksxSRnQx76gclCIb7kdAd1Pw=
